{
  "name": "stencil-starter-project-name",
  "version": "0.0.1",
  "lockfileVersion": 1,
  "requires": true,
  "dependencies": {
    "@ionic/core": {
      "version": "4.5.0-dev.201905231138.1ad37d1",
      "resolved": "https://registry.npmjs.org/@ionic/core/-/core-4.5.0-dev.201905231138.1ad37d1.tgz",
      "integrity": "sha512-OFve4XaKu0hyCYu8MLQKLRLQULiw7MfjWwELmrIVfyk2U5GZlrHnIkMdHlUh0bz51ia1E+pSWCcqNrZ/LnoDmg==",
      "requires": {
        "ionicons": "4.5.8",
        "tslib": "^1.9.3"
      }
    },
    "@stencil/core": {
      "version": "1.0.0-beta.5",
      "resolved": "https://registry.npmjs.org/@stencil/core/-/core-1.0.0-beta.5.tgz",
      "integrity": "sha512-rJpH57nn+E6F84HastQ8RDuhq+j5LeUey3sVW192y5VCTmHbMUfiwVgtFIUo6+BDIXagAG01rbm7WHCMTSGdSw==",
      "dev": true,
      "requires": {
        "typescript": "3.4.5"
      }
    },
    "ionicons": {
      "version": "4.5.8",
      "resolved": "https://registry.npmjs.org/ionicons/-/ionicons-4.5.8.tgz",
      "integrity": "sha512-Zib/fFGHt+r9tWrvZnrxVj22cO4NVj+ZOb76v5yiOyvb0LSTbbReECDg7lEU8e+YR69qCtWHruStJ+b4G/OWxg=="
    },
    "tslib": {
      "version": "1.9.3",
      "resolved": "https://registry.npmjs.org/tslib/-/tslib-1.9.3.tgz",
      "integrity": "sha512-4krF8scpejhaOgqzBEcGM7yDIEfi0/8+8zDRZhNZZ2kjmHJ4hv3zCbQWxoJGz1iw5U0Jl0nma13xzHXcncMavQ=="
    },
    "typescript": {
      "version": "3.4.5",
      "resolved": "https://registry.npmjs.org/typescript/-/typescript-3.4.5.tgz",
      "integrity": "sha512-YycBxUb49UUhdNMU5aJ7z5Ej2XGmaIBL0x34vZ82fn3hGvD+bgrMrVDpatgz2f7YxUMJxMkbWxJZeAvDxVe7Vw==",
      "dev": true
    }
  }
}
