{
  "name": "stencil-starter-project-name",
  "version": "0.0.1",
  "lockfileVersion": 1,
  "requires": true,
  "dependencies": {
    "@ionic/core": {
      "version": "4.9.1",
      "resolved": "https://registry.npmjs.org/@ionic/core/-/core-4.9.1.tgz",
      "integrity": "sha512-m6wlO6/vP4xL3xd8ZGl9lNbmiiMs6I7d33Y13pS65f5EOUC7Fc0+qEEEWtQZc4EGQdB/pmIHlgd8o7MZvV/SXA==",
      "requires": {
        "ionicons": "^4.6.3",
        "tslib": "^1.10.0"
      }
    },
    "@stencil/core": {
      "version": "1.5.2",
      "resolved": "https://registry.npmjs.org/@stencil/core/-/core-1.5.2.tgz",
      "integrity": "sha512-bxsPDTWuQQRtK7ExjX7rMYYn7t5Kjp/VWbJaM31wXKIHzseaOkMaQGlJiQui8B66YV0BcZOBtRX0rbWxigJ0/w==",
      "dev": true,
      "requires": {
        "typescript": "3.6.3"
      }
    },
    "ionicons": {
      "version": "4.6.3",
      "resolved": "https://registry.npmjs.org/ionicons/-/ionicons-4.6.3.tgz",
      "integrity": "sha512-cgP+VIr2cTJpMfFyVHTerq6n2jeoiGboVoe3GlaAo5zoSBDAEXORwUZhv6m+lCyxlsHCS3nqPUE+MKyZU71t8Q=="
    },
    "tslib": {
      "version": "1.10.0",
      "resolved": "https://registry.npmjs.org/tslib/-/tslib-1.10.0.tgz",
      "integrity": "sha512-qOebF53frne81cf0S9B41ByenJ3/IuH8yJKngAX35CmiZySA0khhkovshKK+jGCaMnVomla7gVlIcc3EvKPbTQ=="
    },
    "typescript": {
      "version": "3.6.3",
      "resolved": "https://registry.npmjs.org/typescript/-/typescript-3.6.3.tgz",
      "integrity": "sha512-N7bceJL1CtRQ2RiG0AQME13ksR7DiuQh/QehubYcghzv20tnh+MQnQIuJddTmsbqYj+dztchykemz0zFzlvdQw==",
      "dev": true
    }
  }
}
