{
  "name": "stencil-starter-project-name",
  "version": "0.0.1",
  "lockfileVersion": 1,
  "requires": true,
  "dependencies": {
    "@ionic/core": {
      "version": "5.0.0",
      "resolved": "https://registry.npmjs.org/@ionic/core/-/core-5.0.0.tgz",
      "integrity": "sha512-F+qSeL6Icy34dgpWvXe2ImwtlXrz6KbAthVpy3VSzlbZ5Du8V7xfe4RXXE2TtFsfV1lLOmX1KAgxbYnlMMlYzw==",
      "dev": true,
      "requires": {
        "ionicons": "^5.0.0",
        "tslib": "^1.10.0"
      }
    },
    "@stencil/core": {
      "version": "1.8.8",
      "resolved": "https://registry.npmjs.org/@stencil/core/-/core-1.8.8.tgz",
      "integrity": "sha512-ATru3WAQxWsc+Z2ji5l0wc28yyirgRB25AmZTLSnWeRUn388AkY2tn2Dderz+c7Rnsd9kpAdln6tsv0/KuQLkQ==",
      "dev": true,
      "requires": {
        "typescript": "3.7.5"
      }
    },
    "ionicons": {
      "version": "5.0.0",
      "resolved": "https://registry.npmjs.org/ionicons/-/ionicons-5.0.0.tgz",
      "integrity": "sha512-tqKI5QyqCQOikbWYIA7teJPPXKfYZhEff8ARvbkOIh7PWbKI7sd0IBJcjhbw/mUilIA7U9Bcdm7qGBPhVWOCWg==",
      "dev": true
    },
    "tslib": {
      "version": "1.10.0",
      "resolved": "https://registry.npmjs.org/tslib/-/tslib-1.10.0.tgz",
      "integrity": "sha512-qOebF53frne81cf0S9B41ByenJ3/IuH8yJKngAX35CmiZySA0khhkovshKK+jGCaMnVomla7gVlIcc3EvKPbTQ==",
      "dev": true
    },
    "typescript": {
      "version": "3.7.5",
      "resolved": "https://registry.npmjs.org/typescript/-/typescript-3.7.5.tgz",
      "integrity": "sha512-/P5lkRXkWHNAbcJIiHPfRoKqyd7bsyCma1hZNUGfn20qm64T6ZBlrzprymeu918H+mB/0rIg2gGK/BXkhhYgBw==",
      "dev": true
    }
  }
}
